
Microsoft Visual Studio Solution File, Format Version 12.00
# Visual Studio Version 17
VisualStudioVersion = 17.14.37012.4 d17.14
MinimumVisualStudioVersion = 10.0.40219.1
Project("{FAE04EC0-301F-11D3-BF4B-00C04F79EFBC}") = "BasicCalculator", "BasicCalculator\BasicCalculator.csproj", "{C65BB786-584D-403D-BBF4-4C8E26B8C45B}"
EndProject
Project("{FAE04EC0-301F-11D3-BF4B-00C04F79EFBC}") = "BasicCalculator.Tests", "BasicCalculator.Tests\BasicCalculator.Tests.csproj", "{0D840316-4665-49D3-A61E-40B3C1B1AF37}"
EndProject
Global
	GlobalSection(SolutionConfigurationPlatforms) = preSolution
		Debug|Any CPU = Debug|Any CPU
		Release|Any CPU = Release|Any CPU
	EndGlobalSection
	GlobalSection(ProjectConfigurationPlatforms) = postSolution
		{C65BB786-584D-403D-BBF4-4C8E26B8C45B}.Debug|Any CPU.ActiveCfg = Debug|Any CPU
		{C65BB786-584D-403D-BBF4-4C8E26B8C45B}.Debug|Any CPU.Build.0 = Debug|Any CPU
		{C65BB786-584D-403D-BBF4-4C8E26B8C45B}.Release|Any CPU.ActiveCfg = Release|Any CPU
		{C65BB786-584D-403D-BBF4-4C8E26B8C45B}.Release|Any CPU.Build.0 = Release|Any CPU
		{0D840316-4665-49D3-A61E-40B3C1B1AF37}.Debug|Any CPU.ActiveCfg = Debug|Any CPU
		{0D840316-4665-49D3-A61E-40B3C1B1AF37}.Debug|Any CPU.Build.0 = Debug|Any CPU
		{0D840316-4665-49D3-A61E-40B3C1B1AF37}.Release|Any CPU.ActiveCfg = Release|Any CPU
		{0D840316-4665-49D3-A61E-40B3C1B1AF37}.Release|Any CPU.Build.0 = Release|Any CPU
	EndGlobalSection
	GlobalSection(SolutionProperties) = preSolution
		HideSolutionNode = FALSE
	EndGlobalSection
	GlobalSection(ExtensibilityGlobals) = postSolution
		SolutionGuid = {4C1C837B-1FE4-488B-8041-4A2147BF9866}
	EndGlobalSection
EndGlobal
